
Microsoft Visual Studio Solution File, Format Version 12.00
# Visual Studio Version 17
VisualStudioVersion = 17.5.002.0
MinimumVisualStudioVersion = 10.0.40219.1
Project("{9A19103F-16F7-4668-BE54-9A1E7A4F7556}") = "primeiro-projeto-dotnet", "primeiro-projeto-dotnet.csproj", "{32E53DE5-E2AC-4AA7-B540-858C3FF63263}"
EndProject
Global
	GlobalSection(SolutionConfigurationPlatforms) = preSolution
		Debug|Any CPU = Debug|Any CPU
		Release|Any CPU = Release|Any CPU
	EndGlobalSection
	GlobalSection(ProjectConfigurationPlatforms) = postSolution
		{32E53DE5-E2AC-4AA7-B540-858C3FF63263}.Debug|Any CPU.ActiveCfg = Debug|Any CPU
		{32E53DE5-E2AC-4AA7-B540-858C3FF63263}.Debug|Any CPU.Build.0 = Debug|Any CPU
		{32E53DE5-E2AC-4AA7-B540-858C3FF63263}.Release|Any CPU.ActiveCfg = Release|Any CPU
		{32E53DE5-E2AC-4AA7-B540-858C3FF63263}.Release|Any CPU.Build.0 = Release|Any CPU
	EndGlobalSection
	GlobalSection(SolutionProperties) = preSolution
		HideSolutionNode = FALSE
	EndGlobalSection
	GlobalSection(ExtensibilityGlobals) = postSolution
		SolutionGuid = {C6CCDC3F-32D9-4313-BF53-2886317AFF2D}
	EndGlobalSection
EndGlobal
